{
  "name": "@bexer/components",
  "version": "0.0.17",
  "lockfileVersion": 1,
  "requires": true,
  "dependencies": {
    "@bexer/commons": {
      "version": "0.0.3",
      "resolved": "https://registry.npmjs.org/@bexer/commons/-/commons-0.0.3.tgz",
      "integrity": "sha512-fHhsZ3Vg/lTE2DXSNCsaqwRbWmXfxpnPsdeYBx+FpRh7koIxO4CyfaCWqHreSrNsglpWGTWz95crazfIxtlYwA==",
      "dev": true
    }
  }
}
