{
  "name": "@bexer/index",
  "version": "0.0.16",
  "lockfileVersion": 1,
  "requires": true,
  "dependencies": {
    "@bexer/commons": {
      "version": "0.0.3"
    },
    "@bexer/error-notifier": {
      "version": "0.0.6",
      "requires": {
        "@bexer/commons": "^0.0.3",
        "@bexer/utils": "^0.0.5"
      },
      "dependencies": {
        "@bexer/commons": {
          "version": "0.0.3"
        },
        "@bexer/utils": {
          "version": "0.0.5"
        }
      }
    },
    "@bexer/error-reporter": {
      "version": "0.0.5",
      "requires": {
        "@bexer/utils": "^0.0.5"
      },
      "dependencies": {
        "@bexer/commons": {},
        "@bexer/utils": {
          "version": "0.0.5"
        }
      }
    },
    "@bexer/error-transformer": {
      "version": "0.0.6",
      "requires": {
        "@bexer/utils": "^0.0.5"
      },
      "dependencies": {
        "@bexer/utils": {
          "version": "0.0.5"
        }
      }
    },
    "@bexer/global-error-event-handlers": {
      "version": "0.0.5",
      "requires": {
        "@bexer/error-event-listeners": "^0.0.5",
        "@bexer/utils": "^0.0.5"
      },
      "dependencies": {
        "@bexer/commons": {},
        "@bexer/error-event-listeners": {
          "version": "0.0.5",
          "requires": {
            "@bexer/commons": "^0.0.3",
            "@bexer/utils": "^0.0.5"
          },
          "dependencies": {
            "@bexer/commons": {
              "version": "0.0.3"
            },
            "@bexer/utils": {
              "version": "0.0.5"
            }
          }
        },
        "@bexer/utils": {
          "version": "0.0.5"
        }
      }
    },
    "@bexer/utils": {
      "version": "0.0.5"
    }
  }
}
