{
  "name": "@bexer/types",
  "version": "0.0.15",
  "lockfileVersion": 1,
  "requires": true,
  "dependencies": {
    "@bexer/commons": {
      "version": "0.0.3",
      "resolved": "https://registry.npmjs.org/@bexer/commons/-/commons-0.0.3.tgz",
      "integrity": "sha512-fHhsZ3Vg/lTE2DXSNCsaqwRbWmXfxpnPsdeYBx+FpRh7koIxO4CyfaCWqHreSrNsglpWGTWz95crazfIxtlYwA==",
      "dev": true
    },
    "@bexer/error-event-listeners": {
      "version": "0.0.5",
      "resolved": "https://registry.npmjs.org/@bexer/error-event-listeners/-/error-event-listeners-0.0.5.tgz",
      "integrity": "sha512-bHa/gbE1JzFmR97Li9+y4PUwuQruLZe8Rl7NCF9pWjE/Ys5c8r02HQEDaHrB3yWrE4bWMMzp63C9x/nsx5FQzA==",
      "dev": true,
      "requires": {
        "@bexer/commons": "^0.0.3",
        "@bexer/utils": "^0.0.5"
      }
    },
    "@bexer/error-notifier": {
      "version": "0.0.6",
      "resolved": "https://registry.npmjs.org/@bexer/error-notifier/-/error-notifier-0.0.6.tgz",
      "integrity": "sha512-KBnLIdCAAkvYlgIv9gDSEuxKZQSJzXN6GKp8UVi2rjfz0zeHJ2Wpa6jcviCBCmyT2p3EGDPVjhBo7aJxAHRmZw==",
      "dev": true,
      "requires": {
        "@bexer/commons": "^0.0.3",
        "@bexer/utils": "^0.0.5"
      }
    },
    "@bexer/error-reporter": {
      "version": "0.0.5",
      "resolved": "https://registry.npmjs.org/@bexer/error-reporter/-/error-reporter-0.0.5.tgz",
      "integrity": "sha512-te+/qeayBH6pRlM7yb/8XDSkM2g/rEV0jBnd/bH1O3balsiqoqohePV9CgTSmIsFI8mOwJEBHez4eCnYL/FRlw==",
      "dev": true,
      "requires": {
        "@bexer/utils": "^0.0.5"
      }
    },
    "@bexer/error-transformer": {
      "version": "0.0.6",
      "resolved": "https://registry.npmjs.org/@bexer/error-transformer/-/error-transformer-0.0.6.tgz",
      "integrity": "sha512-v0Lg8NRFEasQckNWhy7vkF0+iDTq8kecizpdPJT/Gv3NGSrFn3Q/PefnjT150CcfsCYx75UslcvRyHHhSJNshQ==",
      "dev": true,
      "requires": {
        "@bexer/utils": "^0.0.5"
      }
    },
    "@bexer/global-error-event-handlers": {
      "version": "0.0.5",
      "resolved": "https://registry.npmjs.org/@bexer/global-error-event-handlers/-/global-error-event-handlers-0.0.5.tgz",
      "integrity": "sha512-kIFN3CEM6FiWxAp2+VyCZ/BNgXR6jnQ/bxbSYPzBr+8qYWaQ7DZEChWb7eWl/imAic1xnkvjAWsUJqC1SjK+NQ==",
      "dev": true,
      "requires": {
        "@bexer/error-event-listeners": "^0.0.5",
        "@bexer/utils": "^0.0.5"
      }
    },
    "@bexer/index": {
      "version": "0.0.7",
      "resolved": "https://registry.npmjs.org/@bexer/index/-/index-0.0.7.tgz",
      "integrity": "sha512-RrKU6RrlIvsBQuh5r26y9TPePBb+lD6V9A4xaknIIuUGIo9+YcpCpJLPrh7j++d2hHwBODIxlODooV6dppD1Ig==",
      "dev": true,
      "requires": {
        "@bexer/commons": "^0.0.3",
        "@bexer/error-notifier": "^0.0.6",
        "@bexer/error-reporter": "^0.0.5",
        "@bexer/error-transformer": "^0.0.6",
        "@bexer/global-error-event-handlers": "^0.0.5",
        "@bexer/utils": "^0.0.5"
      }
    },
    "@bexer/utils": {
      "version": "0.0.5",
      "resolved": "https://registry.npmjs.org/@bexer/utils/-/utils-0.0.5.tgz",
      "integrity": "sha512-ZCWAaVORcmaNFcpPf6RF4S7jMpDo0UNqS7Ue+RTHOiYLLEJBQ6jq1WVah6feNsnDh77/CoPn51rkysGHxmmj+Q==",
      "dev": true
    }
  }
}
